
Microsoft Visual Studio Solution File, Format Version 12.00
# Visual Studio Version 17
VisualStudioVersion = 17.9.34728.123
MinimumVisualStudioVersion = 10.0.40219.1
Project("{FAE04EC0-301F-11D3-BF4B-00C04F79EFBC}") = "MvcCV", "MvcCV\MvcCV.csproj", "{19422B60-1F3B-475D-83A2-DFC7300C669F}"
EndProject
Global
	GlobalSection(SolutionConfigurationPlatforms) = preSolution
		Debug|Any CPU = Debug|Any CPU
		Release|Any CPU = Release|Any CPU
	EndGlobalSection
	GlobalSection(ProjectConfigurationPlatforms) = postSolution
		{19422B60-1F3B-475D-83A2-DFC7300C669F}.Debug|Any CPU.ActiveCfg = Debug|Any CPU
		{19422B60-1F3B-475D-83A2-DFC7300C669F}.Debug|Any CPU.Build.0 = Debug|Any CPU
		{19422B60-1F3B-475D-83A2-DFC7300C669F}.Release|Any CPU.ActiveCfg = Release|Any CPU
		{19422B60-1F3B-475D-83A2-DFC7300C669F}.Release|Any CPU.Build.0 = Release|Any CPU
	EndGlobalSection
	GlobalSection(SolutionProperties) = preSolution
		HideSolutionNode = FALSE
	EndGlobalSection
	GlobalSection(ExtensibilityGlobals) = postSolution
		SolutionGuid = {D624B53F-7E3E-4E04-B4DF-26955141F2CB}
	EndGlobalSection
EndGlobal
